// !$*UTF8*$!
{
	archiveVersion = 1;
	classes = {
	};
	objectVersion = 46;
	objects = {

/* Begin PBXFileReference section */
		AA086DA51A5A63A8006C9731 /* requirements.txt */ = {isa = PBXFileReference; lastKnownFileType = text; path = requirements.txt; sourceTree = "<group>"; };
		AA19ECFE16FC02200041655E /* libairview.py */ = {isa = PBXFileReference; lastKnownFileType = text.script.python; path = libairview.py; sourceTree = "<group>"; };
		AA19ECFF16FC02200041655E /* README.md */ = {isa = PBXFileReference; lastKnownFileType = text; path = README.md; sourceTree = "<group>"; };
		AA19ED0016FC02200041655E /* graph.py */ = {isa = PBXFileReference; lastKnownFileType = text.script.python; path = graph.py; sourceTree = "<group>"; };
		AA19ED0316FC0D980041655E /* libairview_test.py */ = {isa = PBXFileReference; lastKnownFileType = text.script.python; path = libairview_test.py; sourceTree = "<group>"; };
/* End PBXFileReference section */

/* Begin PBXGroup section */
		AA19ECF716FC018E0041655E = {
			isa = PBXGroup;
			children = (
				AA19ED0016FC02200041655E /* graph.py */,
				AA19ED0316FC0D980041655E /* libairview_test.py */,
				AA19ECFE16FC02200041655E /* libairview.py */,
				AA19ECFF16FC02200041655E /* README.md */,
				AA086DA51A5A63A8006C9731 /* requirements.txt */,
			);
			sourceTree = "<group>";
		};
/* End PBXGroup section */

/* Begin PBXProject section */
		AA19ECF816FC018E0041655E /* Project object */ = {
			isa = PBXProject;
			attributes = {
				LastUpgradeCheck = 0460;
			};
			buildConfigurationList = AA19ECFB16FC018E0041655E /* Build configuration list for PBXProject "pyairview" */;
			compatibilityVersion = "Xcode 3.2";
			developmentRegion = English;
			hasScannedForEncodings = 0;
			knownRegions = (
				en,
			);
			mainGroup = AA19ECF716FC018E0041655E;
			projectDirPath = "";
			projectRoot = "";
			targets = (
			);
		};
/* End PBXProject section */

/* Begin XCBuildConfiguration section */
		AA19ECFC16FC018E0041655E /* Debug */ = {
			isa = XCBuildConfiguration;
			buildSettings = {
			};
			name = Debug;
		};
		AA19ECFD16FC018E0041655E /* Release */ = {
			isa = XCBuildConfiguration;
			buildSettings = {
			};
			name = Release;
		};
/* End XCBuildConfiguration section */

/* Begin XCConfigurationList section */
		AA19ECFB16FC018E0041655E /* Build configuration list for PBXProject "pyairview" */ = {
			isa = XCConfigurationList;
			buildConfigurations = (
				AA19ECFC16FC018E0041655E /* Debug */,
				AA19ECFD16FC018E0041655E /* Release */,
			);
			defaultConfigurationIsVisible = 0;
			defaultConfigurationName = Release;
		};
/* End XCConfigurationList section */
	};
	rootObject = AA19ECF816FC018E0041655E /* Project object */;
}
