// !$*UTF8*$!
{
	archiveVersion = 1;
	classes = {
	};
	objectVersion = 46;
	objects = {

/* Begin PBXFileReference section */
		AA086DA51A5A63A8006C9731 /* requirements.txt */ = {isa = PBXFileReference; lastKnownFileType = text; path = requirements.txt; sourceTree = "<group>"; };
		AA19ECFE16FC02200041655E /* libairview.py */ = {isa = PBXFileReference; lastKnownFileType = text.script.python; path = libairview.py; sourceTree = "<group>"; };
		AA19ECFF16FC02200041655E /* README.md */ = {isa = PBXFileReference; lastKnownFileType = text; path = README.md; sourceTree = "<group>"; };
		AA19ED0316FC0D980041655E /* libairview_test.py */ = {isa = PBXFileReference; lastKnownFileType = text.script.python; path = libairview_test.py; sourceTree = "<group>"; };
		AA8C3D4B1A60A5BE00ACA8D4 /* LICENSE */ = {isa = PBXFileReference; lastKnownFileType = text; path = LICENSE; sourceTree = "<group>"; };
		AA8C3D4C1A60A5BE00ACA8D4 /* setup.cfg */ = {isa = PBXFileReference; lastKnownFileType = text; path = setup.cfg; sourceTree = "<group>"; };
		AA8C3D4D1A60A5BE00ACA8D4 /* setup.py */ = {isa = PBXFileReference; lastKnownFileType = text.script.python; path = setup.py; sourceTree = "<group>"; };
		AA8C3D4E1A60A9E000ACA8D4 /* README.rst */ = {isa = PBXFileReference; lastKnownFileType = text; path = README.rst; sourceTree = "<group>"; };
		AA8C3D4F1A60B59C00ACA8D4 /* DEVICE_API.md */ = {isa = PBXFileReference; lastKnownFileType = net.daringfireball.markdown; path = DEVICE_API.md; sourceTree = "<group>"; };
		AA8C3D501A60FA1F00ACA8D4 /* .travis.yml */ = {isa = PBXFileReference; lastKnownFileType = text; path = .travis.yml; sourceTree = "<group>"; };
		AA8C3D521A60FEA400ACA8D4 /* tests.py */ = {isa = PBXFileReference; lastKnownFileType = text.script.python; path = tests.py; sourceTree = "<group>"; };
/* End PBXFileReference section */

/* Begin PBXGroup section */
		AA19ECF716FC018E0041655E = {
			isa = PBXGroup;
			children = (
				AA8C3D501A60FA1F00ACA8D4 /* .travis.yml */,
				AA19ED0316FC0D980041655E /* libairview_test.py */,
				AA19ECFE16FC02200041655E /* libairview.py */,
				AA8C3D4B1A60A5BE00ACA8D4 /* LICENSE */,
				AA19ECFF16FC02200041655E /* README.md */,
				AA8C3D4F1A60B59C00ACA8D4 /* DEVICE_API.md */,
				AA8C3D4E1A60A9E000ACA8D4 /* README.rst */,
				AA086DA51A5A63A8006C9731 /* requirements.txt */,
				AA8C3D4C1A60A5BE00ACA8D4 /* setup.cfg */,
				AA8C3D4D1A60A5BE00ACA8D4 /* setup.py */,
				AA8C3D511A60FDAD00ACA8D4 /* tests */,
			);
			sourceTree = "<group>";
		};
		AA8C3D511A60FDAD00ACA8D4 /* tests */ = {
			isa = PBXGroup;
			children = (
				AA8C3D521A60FEA400ACA8D4 /* tests.py */,
			);
			path = tests;
			sourceTree = "<group>";
		};
/* End PBXGroup section */

/* Begin PBXProject section */
		AA19ECF816FC018E0041655E /* Project object */ = {
			isa = PBXProject;
			attributes = {
				LastUpgradeCheck = 0460;
			};
			buildConfigurationList = AA19ECFB16FC018E0041655E /* Build configuration list for PBXProject "pyairview" */;
			compatibilityVersion = "Xcode 3.2";
			developmentRegion = English;
			hasScannedForEncodings = 0;
			knownRegions = (
				en,
			);
			mainGroup = AA19ECF716FC018E0041655E;
			projectDirPath = "";
			projectRoot = "";
			targets = (
			);
		};
/* End PBXProject section */

/* Begin XCBuildConfiguration section */
		AA19ECFC16FC018E0041655E /* Debug */ = {
			isa = XCBuildConfiguration;
			buildSettings = {
			};
			name = Debug;
		};
		AA19ECFD16FC018E0041655E /* Release */ = {
			isa = XCBuildConfiguration;
			buildSettings = {
			};
			name = Release;
		};
/* End XCBuildConfiguration section */

/* Begin XCConfigurationList section */
		AA19ECFB16FC018E0041655E /* Build configuration list for PBXProject "pyairview" */ = {
			isa = XCConfigurationList;
			buildConfigurations = (
				AA19ECFC16FC018E0041655E /* Debug */,
				AA19ECFD16FC018E0041655E /* Release */,
			);
			defaultConfigurationIsVisible = 0;
			defaultConfigurationName = Release;
		};
/* End XCConfigurationList section */
	};
	rootObject = AA19ECF816FC018E0041655E /* Project object */;
}
