// !$*UTF8*$!
{
	archiveVersion = 1;
	classes = {
	};
	objectVersion = 46;
	objects = {

/* Begin PBXFileReference section */
		AA19ECFF16FC02200041655E /* README.md */ = {isa = PBXFileReference; lastKnownFileType = text; path = README.md; sourceTree = "<group>"; };
		AA8C3D4B1A60A5BE00ACA8D4 /* LICENSE */ = {isa = PBXFileReference; lastKnownFileType = text; path = LICENSE; sourceTree = "<group>"; };
		AA8C3D4C1A60A5BE00ACA8D4 /* setup.cfg */ = {isa = PBXFileReference; lastKnownFileType = text; path = setup.cfg; sourceTree = "<group>"; };
		AA8C3D4D1A60A5BE00ACA8D4 /* setup.py */ = {isa = PBXFileReference; lastKnownFileType = text.script.python; path = setup.py; sourceTree = "<group>"; };
		AA8C3D4E1A60A9E000ACA8D4 /* README.rst */ = {isa = PBXFileReference; lastKnownFileType = text; path = README.rst; sourceTree = "<group>"; };
		AA8C3D4F1A60B59C00ACA8D4 /* DEVICE_API.md */ = {isa = PBXFileReference; lastKnownFileType = net.daringfireball.markdown; path = DEVICE_API.md; sourceTree = "<group>"; };
		AA8C3D501A60FA1F00ACA8D4 /* .travis.yml */ = {isa = PBXFileReference; lastKnownFileType = text; path = .travis.yml; sourceTree = "<group>"; };
		AA8C3D571A62346900ACA8D4 /* pyairview_test.py */ = {isa = PBXFileReference; lastKnownFileType = text.script.python; path = pyairview_test.py; sourceTree = "<group>"; };
		AA8C3D581A62346900ACA8D4 /* pyairview.py */ = {isa = PBXFileReference; lastKnownFileType = text.script.python; path = pyairview.py; sourceTree = "<group>"; };
		AA8C3D5A1A623F2F00ACA8D4 /* MANIFEST.in */ = {isa = PBXFileReference; lastKnownFileType = text; path = MANIFEST.in; sourceTree = "<group>"; };
		AA8C3D5B1A623F6300ACA8D4 /* AUTHORS */ = {isa = PBXFileReference; lastKnownFileType = text; path = AUTHORS; sourceTree = "<group>"; };
		AA8C3D5C1A623F9100ACA8D4 /* TODO */ = {isa = PBXFileReference; lastKnownFileType = text; path = TODO; sourceTree = "<group>"; };
		AA8C3D5D1A623FC900ACA8D4 /* changelog.rst */ = {isa = PBXFileReference; lastKnownFileType = text; path = changelog.rst; sourceTree = "<group>"; };
		AA8C3D5F1A624C0200ACA8D4 /* __init__.py */ = {isa = PBXFileReference; lastKnownFileType = text.script.python; path = __init__.py; sourceTree = "<group>"; };
		AA8C3D601A624C0200ACA8D4 /* test.py */ = {isa = PBXFileReference; lastKnownFileType = text.script.python; path = test.py; sourceTree = "<group>"; };
/* End PBXFileReference section */

/* Begin PBXGroup section */
		AA19ECF716FC018E0041655E = {
			isa = PBXGroup;
			children = (
				AA8C3D501A60FA1F00ACA8D4 /* .travis.yml */,
				AA8C3D5B1A623F6300ACA8D4 /* AUTHORS */,
				AA8C3D5D1A623FC900ACA8D4 /* changelog.rst */,
				AA8C3D4F1A60B59C00ACA8D4 /* DEVICE_API.md */,
				AA8C3D4B1A60A5BE00ACA8D4 /* LICENSE */,
				AA8C3D5A1A623F2F00ACA8D4 /* MANIFEST.in */,
				AA8C3D571A62346900ACA8D4 /* pyairview_test.py */,
				AA8C3D581A62346900ACA8D4 /* pyairview.py */,
				AA19ECFF16FC02200041655E /* README.md */,
				AA8C3D4E1A60A9E000ACA8D4 /* README.rst */,
				AA8C3D4C1A60A5BE00ACA8D4 /* setup.cfg */,
				AA8C3D4D1A60A5BE00ACA8D4 /* setup.py */,
				AA8C3D5E1A624C0200ACA8D4 /* test */,
				AA8C3D5C1A623F9100ACA8D4 /* TODO */,
			);
			sourceTree = "<group>";
		};
		AA8C3D5E1A624C0200ACA8D4 /* test */ = {
			isa = PBXGroup;
			children = (
				AA8C3D5F1A624C0200ACA8D4 /* __init__.py */,
				AA8C3D601A624C0200ACA8D4 /* test.py */,
			);
			path = test;
			sourceTree = "<group>";
		};
/* End PBXGroup section */

/* Begin PBXProject section */
		AA19ECF816FC018E0041655E /* Project object */ = {
			isa = PBXProject;
			attributes = {
				LastUpgradeCheck = 0460;
			};
			buildConfigurationList = AA19ECFB16FC018E0041655E /* Build configuration list for PBXProject "pyairview" */;
			compatibilityVersion = "Xcode 3.2";
			developmentRegion = English;
			hasScannedForEncodings = 0;
			knownRegions = (
				en,
			);
			mainGroup = AA19ECF716FC018E0041655E;
			projectDirPath = "";
			projectRoot = "";
			targets = (
			);
		};
/* End PBXProject section */

/* Begin XCBuildConfiguration section */
		AA19ECFC16FC018E0041655E /* Debug */ = {
			isa = XCBuildConfiguration;
			buildSettings = {
			};
			name = Debug;
		};
		AA19ECFD16FC018E0041655E /* Release */ = {
			isa = XCBuildConfiguration;
			buildSettings = {
			};
			name = Release;
		};
/* End XCBuildConfiguration section */

/* Begin XCConfigurationList section */
		AA19ECFB16FC018E0041655E /* Build configuration list for PBXProject "pyairview" */ = {
			isa = XCConfigurationList;
			buildConfigurations = (
				AA19ECFC16FC018E0041655E /* Debug */,
				AA19ECFD16FC018E0041655E /* Release */,
			);
			defaultConfigurationIsVisible = 0;
			defaultConfigurationName = Release;
		};
/* End XCConfigurationList section */
	};
	rootObject = AA19ECF816FC018E0041655E /* Project object */;
}
